// !$*UTF8*$!
{
	archiveVersion = 1;
	classes = {
	};
	objectVersion = 48;
	objects = {

/* Begin PBXBuildFile section */
		0938189220057EDA00E5FFB3 /* AppDelegate.swift in Sources */ = {isa = PBXBuildFile; fileRef = 0938189120057EDA00E5FFB3 /* AppDelegate.swift */; };
		0938189420057EDA00E5FFB3 /* TabBarController.swift in Sources */ = {isa = PBXBuildFile; fileRef = 0938189320057EDA00E5FFB3 /* TabBarController.swift */; };
		0938189920057EDA00E5FFB3 /* Assets.xcassets in Resources */ = {isa = PBXBuildFile; fileRef = 0938189820057EDA00E5FFB3 /* Assets.xcassets */; };
		0938189C20057EDA00E5FFB3 /* LaunchScreen.storyboard in Resources */ = {isa = PBXBuildFile; fileRef = 0938189A20057EDA00E5FFB3 /* LaunchScreen.storyboard */; };
		093818A42005B3A500E5FFB3 /* PlanViewController.swift in Sources */ = {isa = PBXBuildFile; fileRef = 093818A32005B3A500E5FFB3 /* PlanViewController.swift */; };
		093818A62005B3D200E5FFB3 /* ProfileViewController.swift in Sources */ = {isa = PBXBuildFile; fileRef = 093818A52005B3D200E5FFB3 /* ProfileViewController.swift */; };
		093818A82005B4EB00E5FFB3 /* SOSViewController.swift in Sources */ = {isa = PBXBuildFile; fileRef = 093818A72005B4EB00E5FFB3 /* SOSViewController.swift */; };
		093818AA2006F2C800E5FFB3 /* CircleSlider.swift in Sources */ = {isa = PBXBuildFile; fileRef = 093818A92006F2C800E5FFB3 /* CircleSlider.swift */; };
		093818AD2007F81F00E5FFB3 /* AngleGradientBorderView.swift in Sources */ = {isa = PBXBuildFile; fileRef = 093818AC2007F81F00E5FFB3 /* AngleGradientBorderView.swift */; };
		093818AF2009A2CD00E5FFB3 /* utils.swift in Sources */ = {isa = PBXBuildFile; fileRef = 093818AE2009A2CD00E5FFB3 /* utils.swift */; };
		093818B1200E876100E5FFB3 /* ColorsManager.swift in Sources */ = {isa = PBXBuildFile; fileRef = 093818B0200E876000E5FFB3 /* ColorsManager.swift */; };
		B4CF3ED1049F7A7954988F07 /* Pods_nOCD_minimal.framework in Frameworks */ = {isa = PBXBuildFile; fileRef = 17FA65DE309135C5DE6679BD /* Pods_nOCD_minimal.framework */; };
/* End PBXBuildFile section */

/* Begin PBXFileReference section */
		0938188E20057EDA00E5FFB3 /* nOCD_minimal.app */ = {isa = PBXFileReference; explicitFileType = wrapper.application; includeInIndex = 0; path = nOCD_minimal.app; sourceTree = BUILT_PRODUCTS_DIR; };
		0938189120057EDA00E5FFB3 /* AppDelegate.swift */ = {isa = PBXFileReference; lastKnownFileType = sourcecode.swift; path = AppDelegate.swift; sourceTree = "<group>"; };
		0938189320057EDA00E5FFB3 /* TabBarController.swift */ = {isa = PBXFileReference; lastKnownFileType = sourcecode.swift; path = TabBarController.swift; sourceTree = "<group>"; };
		0938189820057EDA00E5FFB3 /* Assets.xcassets */ = {isa = PBXFileReference; lastKnownFileType = folder.assetcatalog; path = Assets.xcassets; sourceTree = "<group>"; };
		0938189B20057EDA00E5FFB3 /* Base */ = {isa = PBXFileReference; lastKnownFileType = file.storyboard; name = Base; path = Base.lproj/LaunchScreen.storyboard; sourceTree = "<group>"; };
		0938189D20057EDA00E5FFB3 /* Info.plist */ = {isa = PBXFileReference; lastKnownFileType = text.plist.xml; path = Info.plist; sourceTree = "<group>"; };
		093818A32005B3A500E5FFB3 /* PlanViewController.swift */ = {isa = PBXFileReference; lastKnownFileType = sourcecode.swift; path = PlanViewController.swift; sourceTree = "<group>"; };
		093818A52005B3D200E5FFB3 /* ProfileViewController.swift */ = {isa = PBXFileReference; lastKnownFileType = sourcecode.swift; path = ProfileViewController.swift; sourceTree = "<group>"; };
		093818A72005B4EB00E5FFB3 /* SOSViewController.swift */ = {isa = PBXFileReference; lastKnownFileType = sourcecode.swift; path = SOSViewController.swift; sourceTree = "<group>"; };
		093818A92006F2C800E5FFB3 /* CircleSlider.swift */ = {isa = PBXFileReference; lastKnownFileType = sourcecode.swift; path = CircleSlider.swift; sourceTree = "<group>"; };
		093818AC2007F81F00E5FFB3 /* AngleGradientBorderView.swift */ = {isa = PBXFileReference; lastKnownFileType = sourcecode.swift; path = AngleGradientBorderView.swift; sourceTree = "<group>"; };
		093818AE2009A2CD00E5FFB3 /* utils.swift */ = {isa = PBXFileReference; lastKnownFileType = sourcecode.swift; path = utils.swift; sourceTree = "<group>"; };
		093818B0200E876000E5FFB3 /* ColorsManager.swift */ = {isa = PBXFileReference; lastKnownFileType = sourcecode.swift; path = ColorsManager.swift; sourceTree = "<group>"; };
		17FA65DE309135C5DE6679BD /* Pods_nOCD_minimal.framework */ = {isa = PBXFileReference; explicitFileType = wrapper.framework; includeInIndex = 0; path = Pods_nOCD_minimal.framework; sourceTree = BUILT_PRODUCTS_DIR; };
		D8F661F411C2A5410532A249 /* Pods-nOCD_minimal.release.xcconfig */ = {isa = PBXFileReference; includeInIndex = 1; lastKnownFileType = text.xcconfig; name = "Pods-nOCD_minimal.release.xcconfig"; path = "Pods/Target Support Files/Pods-nOCD_minimal/Pods-nOCD_minimal.release.xcconfig"; sourceTree = "<group>"; };
		E0511C01A942ADF5C1FE6B69 /* Pods-nOCD_minimal.debug.xcconfig */ = {isa = PBXFileReference; includeInIndex = 1; lastKnownFileType = text.xcconfig; name = "Pods-nOCD_minimal.debug.xcconfig"; path = "Pods/Target Support Files/Pods-nOCD_minimal/Pods-nOCD_minimal.debug.xcconfig"; sourceTree = "<group>"; };
/* End PBXFileReference section */

/* Begin PBXFrameworksBuildPhase section */
		0938188B20057EDA00E5FFB3 /* Frameworks */ = {
			isa = PBXFrameworksBuildPhase;
			buildActionMask = 2147483647;
			files = (
				B4CF3ED1049F7A7954988F07 /* Pods_nOCD_minimal.framework in Frameworks */,
			);
			runOnlyForDeploymentPostprocessing = 0;
		};
/* End PBXFrameworksBuildPhase section */

/* Begin PBXGroup section */
		0938188520057EDA00E5FFB3 = {
			isa = PBXGroup;
			children = (
				0938189020057EDA00E5FFB3 /* nOCD_minimal */,
				0938188F20057EDA00E5FFB3 /* Products */,
				5B53B3D41B550D346DDA337B /* Pods */,
				0D1A4EE30BEA42688F8079DE /* Frameworks */,
			);
			sourceTree = "<group>";
		};
		0938188F20057EDA00E5FFB3 /* Products */ = {
			isa = PBXGroup;
			children = (
				0938188E20057EDA00E5FFB3 /* nOCD_minimal.app */,
			);
			name = Products;
			sourceTree = "<group>";
		};
		0938189020057EDA00E5FFB3 /* nOCD_minimal */ = {
			isa = PBXGroup;
			children = (
				0938189120057EDA00E5FFB3 /* AppDelegate.swift */,
				0938189320057EDA00E5FFB3 /* TabBarController.swift */,
				0938189820057EDA00E5FFB3 /* Assets.xcassets */,
				0938189A20057EDA00E5FFB3 /* LaunchScreen.storyboard */,
				0938189D20057EDA00E5FFB3 /* Info.plist */,
				093818A32005B3A500E5FFB3 /* PlanViewController.swift */,
				093818A52005B3D200E5FFB3 /* ProfileViewController.swift */,
				093818A72005B4EB00E5FFB3 /* SOSViewController.swift */,
				093818A92006F2C800E5FFB3 /* CircleSlider.swift */,
				093818AC2007F81F00E5FFB3 /* AngleGradientBorderView.swift */,
				093818AE2009A2CD00E5FFB3 /* utils.swift */,
				093818B0200E876000E5FFB3 /* ColorsManager.swift */,
			);
			path = nOCD_minimal;
			sourceTree = "<group>";
		};
		0D1A4EE30BEA42688F8079DE /* Frameworks */ = {
			isa = PBXGroup;
			children = (
				17FA65DE309135C5DE6679BD /* Pods_nOCD_minimal.framework */,
			);
			name = Frameworks;
			sourceTree = "<group>";
		};
		5B53B3D41B550D346DDA337B /* Pods */ = {
			isa = PBXGroup;
			children = (
				E0511C01A942ADF5C1FE6B69 /* Pods-nOCD_minimal.debug.xcconfig */,
				D8F661F411C2A5410532A249 /* Pods-nOCD_minimal.release.xcconfig */,
			);
			name = Pods;
			sourceTree = "<group>";
		};
/* End PBXGroup section */

/* Begin PBXNativeTarget section */
		0938188D20057EDA00E5FFB3 /* nOCD_minimal */ = {
			isa = PBXNativeTarget;
			buildConfigurationList = 093818A020057EDA00E5FFB3 /* Build configuration list for PBXNativeTarget "nOCD_minimal" */;
			buildPhases = (
				855C6130F2E443C9C7946192 /* [CP] Check Pods Manifest.lock */,
				0938188A20057EDA00E5FFB3 /* Sources */,
				0938188B20057EDA00E5FFB3 /* Frameworks */,
				0938188C20057EDA00E5FFB3 /* Resources */,
				A869BDF32510BA262D39B07A /* [CP] Embed Pods Frameworks */,
				261D5358C8BCAFC8426CA6C7 /* [CP] Copy Pods Resources */,
			);
			buildRules = (
			);
			dependencies = (
			);
			name = nOCD_minimal;
			productName = nOCD_minimal;
			productReference = 0938188E20057EDA00E5FFB3 /* nOCD_minimal.app */;
			productType = "com.apple.product-type.application";
		};
/* End PBXNativeTarget section */

/* Begin PBXProject section */
		0938188620057EDA00E5FFB3 /* Project object */ = {
			isa = PBXProject;
			attributes = {
				LastSwiftUpdateCheck = 0920;
				LastUpgradeCheck = 0920;
				ORGANIZATIONNAME = "Ilyas Patanam";
				TargetAttributes = {
					0938188D20057EDA00E5FFB3 = {
						CreatedOnToolsVersion = 9.2;
						ProvisioningStyle = Automatic;
					};
				};
			};
			buildConfigurationList = 0938188920057EDA00E5FFB3 /* Build configuration list for PBXProject "nOCD_minimal" */;
			compatibilityVersion = "Xcode 8.0";
			developmentRegion = en;
			hasScannedForEncodings = 0;
			knownRegions = (
				en,
				Base,
			);
			mainGroup = 0938188520057EDA00E5FFB3;
			productRefGroup = 0938188F20057EDA00E5FFB3 /* Products */;
			projectDirPath = "";
			projectRoot = "";
			targets = (
				0938188D20057EDA00E5FFB3 /* nOCD_minimal */,
			);
		};
/* End PBXProject section */

/* Begin PBXResourcesBuildPhase section */
		0938188C20057EDA00E5FFB3 /* Resources */ = {
			isa = PBXResourcesBuildPhase;
			buildActionMask = 2147483647;
			files = (
				0938189C20057EDA00E5FFB3 /* LaunchScreen.storyboard in Resources */,
				0938189920057EDA00E5FFB3 /* Assets.xcassets in Resources */,
			);
			runOnlyForDeploymentPostprocessing = 0;
		};
/* End PBXResourcesBuildPhase section */

/* Begin PBXShellScriptBuildPhase section */
		261D5358C8BCAFC8426CA6C7 /* [CP] Copy Pods Resources */ = {
			isa = PBXShellScriptBuildPhase;
			buildActionMask = 2147483647;
			files = (
			);
			inputPaths = (
			);
			name = "[CP] Copy Pods Resources";
			outputPaths = (
			);
			runOnlyForDeploymentPostprocessing = 0;
			shellPath = /bin/sh;
			shellScript = "\"${SRCROOT}/Pods/Target Support Files/Pods-nOCD_minimal/Pods-nOCD_minimal-resources.sh\"\n";
			showEnvVarsInLog = 0;
		};
		855C6130F2E443C9C7946192 /* [CP] Check Pods Manifest.lock */ = {
			isa = PBXShellScriptBuildPhase;
			buildActionMask = 2147483647;
			files = (
			);
			inputPaths = (
				"${PODS_PODFILE_DIR_PATH}/Podfile.lock",
				"${PODS_ROOT}/Manifest.lock",
			);
			name = "[CP] Check Pods Manifest.lock";
			outputPaths = (
				"$(DERIVED_FILE_DIR)/Pods-nOCD_minimal-checkManifestLockResult.txt",
			);
			runOnlyForDeploymentPostprocessing = 0;
			shellPath = /bin/sh;
			shellScript = "diff \"${PODS_PODFILE_DIR_PATH}/Podfile.lock\" \"${PODS_ROOT}/Manifest.lock\" > /dev/null\nif [ $? != 0 ] ; then\n    # print error to STDERR\n    echo \"error: The sandbox is not in sync with the Podfile.lock. Run 'pod install' or update your CocoaPods installation.\" >&2\n    exit 1\nfi\n# This output is used by Xcode 'outputs' to avoid re-running this script phase.\necho \"SUCCESS\" > \"${SCRIPT_OUTPUT_FILE_0}\"\n";
			showEnvVarsInLog = 0;
		};
		A869BDF32510BA262D39B07A /* [CP] Embed Pods Frameworks */ = {
			isa = PBXShellScriptBuildPhase;
			buildActionMask = 2147483647;
			files = (
			);
			inputPaths = (
				"${SRCROOT}/Pods/Target Support Files/Pods-nOCD_minimal/Pods-nOCD_minimal-frameworks.sh",
				"${BUILT_PRODUCTS_DIR}/AngleGradientLayer/AngleGradientLayer.framework",
			);
			name = "[CP] Embed Pods Frameworks";
			outputPaths = (
				"${TARGET_BUILD_DIR}/${FRAMEWORKS_FOLDER_PATH}/AngleGradientLayer.framework",
			);
			runOnlyForDeploymentPostprocessing = 0;
			shellPath = /bin/sh;
			shellScript = "\"${SRCROOT}/Pods/Target Support Files/Pods-nOCD_minimal/Pods-nOCD_minimal-frameworks.sh\"\n";
			showEnvVarsInLog = 0;
		};
/* End PBXShellScriptBuildPhase section */

/* Begin PBXSourcesBuildPhase section */
		0938188A20057EDA00E5FFB3 /* Sources */ = {
			isa = PBXSourcesBuildPhase;
			buildActionMask = 2147483647;
			files = (
				0938189420057EDA00E5FFB3 /* TabBarController.swift in Sources */,
				093818AD2007F81F00E5FFB3 /* AngleGradientBorderView.swift in Sources */,
				093818A82005B4EB00E5FFB3 /* SOSViewController.swift in Sources */,
				093818AA2006F2C800E5FFB3 /* CircleSlider.swift in Sources */,
				0938189220057EDA00E5FFB3 /* AppDelegate.swift in Sources */,
				093818A62005B3D200E5FFB3 /* ProfileViewController.swift in Sources */,
				093818B1200E876100E5FFB3 /* ColorsManager.swift in Sources */,
				093818A42005B3A500E5FFB3 /* PlanViewController.swift in Sources */,
				093818AF2009A2CD00E5FFB3 /* utils.swift in Sources */,
			);
			runOnlyForDeploymentPostprocessing = 0;
		};
/* End PBXSourcesBuildPhase section */

/* Begin PBXVariantGroup section */
		0938189A20057EDA00E5FFB3 /* LaunchScreen.storyboard */ = {
			isa = PBXVariantGroup;
			children = (
				0938189B20057EDA00E5FFB3 /* Base */,
			);
			name = LaunchScreen.storyboard;
			sourceTree = "<group>";
		};
/* End PBXVariantGroup section */

/* Begin XCBuildConfiguration section */
		0938189E20057EDA00E5FFB3 /* Debug */ = {
			isa = XCBuildConfiguration;
			buildSettings = {
				ALWAYS_SEARCH_USER_PATHS = NO;
				CLANG_ANALYZER_NONNULL = YES;
				CLANG_ANALYZER_NUMBER_OBJECT_CONVERSION = YES_AGGRESSIVE;
				CLANG_CXX_LANGUAGE_STANDARD = "gnu++14";
				CLANG_CXX_LIBRARY = "libc++";
				CLANG_ENABLE_MODULES = YES;
				CLANG_ENABLE_OBJC_ARC = YES;
				CLANG_WARN_BLOCK_CAPTURE_AUTORELEASING = YES;
				CLANG_WARN_BOOL_CONVERSION = YES;
				CLANG_WARN_COMMA = YES;
				CLANG_WARN_CONSTANT_CONVERSION = YES;
				CLANG_WARN_DIRECT_OBJC_ISA_USAGE = YES_ERROR;
				CLANG_WARN_DOCUMENTATION_COMMENTS = YES;
				CLANG_WARN_EMPTY_BODY = YES;
				CLANG_WARN_ENUM_CONVERSION = YES;
				CLANG_WARN_INFINITE_RECURSION = YES;
				CLANG_WARN_INT_CONVERSION = YES;
				CLANG_WARN_NON_LITERAL_NULL_CONVERSION = YES;
				CLANG_WARN_OBJC_LITERAL_CONVERSION = YES;
				CLANG_WARN_OBJC_ROOT_CLASS = YES_ERROR;
				CLANG_WARN_RANGE_LOOP_ANALYSIS = YES;
				CLANG_WARN_STRICT_PROTOTYPES = YES;
				CLANG_WARN_SUSPICIOUS_MOVE = YES;
				CLANG_WARN_UNGUARDED_AVAILABILITY = YES_AGGRESSIVE;
				CLANG_WARN_UNREACHABLE_CODE = YES;
				CLANG_WARN__DUPLICATE_METHOD_MATCH = YES;
				CODE_SIGN_IDENTITY = "iPhone Developer";
				COPY_PHASE_STRIP = NO;
				DEBUG_INFORMATION_FORMAT = dwarf;
				ENABLE_STRICT_OBJC_MSGSEND = YES;
				ENABLE_TESTABILITY = YES;
				GCC_C_LANGUAGE_STANDARD = gnu11;
				GCC_DYNAMIC_NO_PIC = NO;
				GCC_NO_COMMON_BLOCKS = YES;
				GCC_OPTIMIZATION_LEVEL = 0;
				GCC_PREPROCESSOR_DEFINITIONS = (
					"DEBUG=1",
					"$(inherited)",
				);
				GCC_WARN_64_TO_32_BIT_CONVERSION = YES;
				GCC_WARN_ABOUT_RETURN_TYPE = YES_ERROR;
				GCC_WARN_UNDECLARED_SELECTOR = YES;
				GCC_WARN_UNINITIALIZED_AUTOS = YES_AGGRESSIVE;
				GCC_WARN_UNUSED_FUNCTION = YES;
				GCC_WARN_UNUSED_VARIABLE = YES;
				IPHONEOS_DEPLOYMENT_TARGET = 11.2;
				MTL_ENABLE_DEBUG_INFO = YES;
				ONLY_ACTIVE_ARCH = YES;
				SDKROOT = iphoneos;
				SWIFT_ACTIVE_COMPILATION_CONDITIONS = DEBUG;
				SWIFT_OPTIMIZATION_LEVEL = "-Onone";
			};
			name = Debug;
		};
		0938189F20057EDA00E5FFB3 /* Release */ = {
			isa = XCBuildConfiguration;
			buildSettings = {
				ALWAYS_SEARCH_USER_PATHS = NO;
				CLANG_ANALYZER_NONNULL = YES;
				CLANG_ANALYZER_NUMBER_OBJECT_CONVERSION = YES_AGGRESSIVE;
				CLANG_CXX_LANGUAGE_STANDARD = "gnu++14";
				CLANG_CXX_LIBRARY = "libc++";
				CLANG_ENABLE_MODULES = YES;
				CLANG_ENABLE_OBJC_ARC = YES;
				CLANG_WARN_BLOCK_CAPTURE_AUTORELEASING = YES;
				CLANG_WARN_BOOL_CONVERSION = YES;
				CLANG_WARN_COMMA = YES;
				CLANG_WARN_CONSTANT_CONVERSION = YES;
				CLANG_WARN_DIRECT_OBJC_ISA_USAGE = YES_ERROR;
				CLANG_WARN_DOCUMENTATION_COMMENTS = YES;
				CLANG_WARN_EMPTY_BODY = YES;
				CLANG_WARN_ENUM_CONVERSION = YES;
				CLANG_WARN_INFINITE_RECURSION = YES;
				CLANG_WARN_INT_CONVERSION = YES;
				CLANG_WARN_NON_LITERAL_NULL_CONVERSION = YES;
				CLANG_WARN_OBJC_LITERAL_CONVERSION = YES;
				CLANG_WARN_OBJC_ROOT_CLASS = YES_ERROR;
				CLANG_WARN_RANGE_LOOP_ANALYSIS = YES;
				CLANG_WARN_STRICT_PROTOTYPES = YES;
				CLANG_WARN_SUSPICIOUS_MOVE = YES;
				CLANG_WARN_UNGUARDED_AVAILABILITY = YES_AGGRESSIVE;
				CLANG_WARN_UNREACHABLE_CODE = YES;
				CLANG_WARN__DUPLICATE_METHOD_MATCH = YES;
				CODE_SIGN_IDENTITY = "iPhone Developer";
				COPY_PHASE_STRIP = NO;
				DEBUG_INFORMATION_FORMAT = "dwarf-with-dsym";
				ENABLE_NS_ASSERTIONS = NO;
				ENABLE_STRICT_OBJC_MSGSEND = YES;
				GCC_C_LANGUAGE_STANDARD = gnu11;
				GCC_NO_COMMON_BLOCKS = YES;
				GCC_WARN_64_TO_32_BIT_CONVERSION = YES;
				GCC_WARN_ABOUT_RETURN_TYPE = YES_ERROR;
				GCC_WARN_UNDECLARED_SELECTOR = YES;
				GCC_WARN_UNINITIALIZED_AUTOS = YES_AGGRESSIVE;
				GCC_WARN_UNUSED_FUNCTION = YES;
				GCC_WARN_UNUSED_VARIABLE = YES;
				IPHONEOS_DEPLOYMENT_TARGET = 11.2;
				MTL_ENABLE_DEBUG_INFO = NO;
				SDKROOT = iphoneos;
				SWIFT_OPTIMIZATION_LEVEL = "-Owholemodule";
				VALIDATE_PRODUCT = YES;
			};
			name = Release;
		};
		093818A120057EDA00E5FFB3 /* Debug */ = {
			isa = XCBuildConfiguration;
			baseConfigurationReference = E0511C01A942ADF5C1FE6B69 /* Pods-nOCD_minimal.debug.xcconfig */;
			buildSettings = {
				ASSETCATALOG_COMPILER_APPICON_NAME = AppIcon;
				CODE_SIGN_STYLE = Automatic;
				DEVELOPMENT_TEAM = 737F2KT3TP;
				INFOPLIST_FILE = nOCD_minimal/Info.plist;
				LD_RUNPATH_SEARCH_PATHS = "$(inherited) @executable_path/Frameworks";
				PRODUCT_BUNDLE_IDENTIFIER = "ilyas.nOCD-minimal";
				PRODUCT_NAME = "$(TARGET_NAME)";
				SWIFT_OBJC_BRIDGING_HEADER = "";
				SWIFT_VERSION = 4.0;
				TARGETED_DEVICE_FAMILY = "1,2";
			};
			name = Debug;
		};
		093818A220057EDA00E5FFB3 /* Release */ = {
			isa = XCBuildConfiguration;
			baseConfigurationReference = D8F661F411C2A5410532A249 /* Pods-nOCD_minimal.release.xcconfig */;
			buildSettings = {
				ASSETCATALOG_COMPILER_APPICON_NAME = AppIcon;
				CODE_SIGN_STYLE = Automatic;
				DEVELOPMENT_TEAM = 737F2KT3TP;
				INFOPLIST_FILE = nOCD_minimal/Info.plist;
				LD_RUNPATH_SEARCH_PATHS = "$(inherited) @executable_path/Frameworks";
				PRODUCT_BUNDLE_IDENTIFIER = "ilyas.nOCD-minimal";
				PRODUCT_NAME = "$(TARGET_NAME)";
				SWIFT_OBJC_BRIDGING_HEADER = "";
				SWIFT_VERSION = 4.0;
				TARGETED_DEVICE_FAMILY = "1,2";
			};
			name = Release;
		};
/* End XCBuildConfiguration section */

/* Begin XCConfigurationList section */
		0938188920057EDA00E5FFB3 /* Build configuration list for PBXProject "nOCD_minimal" */ = {
			isa = XCConfigurationList;
			buildConfigurations = (
				0938189E20057EDA00E5FFB3 /* Debug */,
				0938189F20057EDA00E5FFB3 /* Release */,
			);
			defaultConfigurationIsVisible = 0;
			defaultConfigurationName = Release;
		};
		093818A020057EDA00E5FFB3 /* Build configuration list for PBXNativeTarget "nOCD_minimal" */ = {
			isa = XCConfigurationList;
			buildConfigurations = (
				093818A120057EDA00E5FFB3 /* Debug */,
				093818A220057EDA00E5FFB3 /* Release */,
			);
			defaultConfigurationIsVisible = 0;
			defaultConfigurationName = Release;
		};
/* End XCConfigurationList section */
	};
	rootObject = 0938188620057EDA00E5FFB3 /* Project object */;
}
